
Microsoft Visual Studio Solution File, Format Version 12.00
# Visual Studio Version 17
VisualStudioVersion = 17.1.32210.238
MinimumVisualStudioVersion = 10.0.40219.1
Project("{FAE04EC0-301F-11D3-BF4B-00C04F79EFBC}") = "SpecFlowProjectDemo", "SpecFlowProjectDemo.csproj", "{BF279F74-345B-4960-9234-B8C60B1EB832}"
EndProject
Global
	GlobalSection(SolutionConfigurationPlatforms) = preSolution
		Debug|Any CPU = Debug|Any CPU
		Release|Any CPU = Release|Any CPU
	EndGlobalSection
	GlobalSection(ProjectConfigurationPlatforms) = postSolution
		{BF279F74-345B-4960-9234-B8C60B1EB832}.Debug|Any CPU.ActiveCfg = Debug|Any CPU
		{BF279F74-345B-4960-9234-B8C60B1EB832}.Debug|Any CPU.Build.0 = Debug|Any CPU
		{BF279F74-345B-4960-9234-B8C60B1EB832}.Release|Any CPU.ActiveCfg = Release|Any CPU
		{BF279F74-345B-4960-9234-B8C60B1EB832}.Release|Any CPU.Build.0 = Release|Any CPU
	EndGlobalSection
	GlobalSection(SolutionProperties) = preSolution
		HideSolutionNode = FALSE
	EndGlobalSection
	GlobalSection(ExtensibilityGlobals) = postSolution
		SolutionGuid = {16246371-F654-4989-94B2-0D2B758CA695}
	EndGlobalSection
EndGlobal
